
Microsoft Visual Studio Solution File, Format Version 12.00
# Visual Studio 2012
Project("{FAE04EC0-301F-11D3-BF4B-00C04F79EFBC}") = "WidgetsContent", "WidgetsContent\WidgetsContent.contentproj", "{6CCF3452-B8E8-42B3-9845-2D4777C8F85E}"
EndProject
Project("{FAE04EC0-301F-11D3-BF4B-00C04F79EFBC}") = "DummyLibrary", "DummyLibrary\DummyLibrary.csproj", "{2F7E97DB-C6FD-4440-8ED9-3479D2A4553C}"
EndProject
Project("{FAE04EC0-301F-11D3-BF4B-00C04F79EFBC}") = "MonoGameWidgets", "MonoGameWidgets\MonoGameWidgets.csproj", "{D95C9C8A-7098-41DC-B210-20AF723936AD}"
EndProject
Project("{FAE04EC0-301F-11D3-BF4B-00C04F79EFBC}") = "MonoGameWidgetsDemo", "MonoGameWidgetsDemo\MonoGameWidgetsDemo.csproj", "{3D77BD7E-4D85-4483-8BC0-797012AF7EBA}"
	ProjectSection(ProjectDependencies) = postProject
		{2F7E97DB-C6FD-4440-8ED9-3479D2A4553C} = {2F7E97DB-C6FD-4440-8ED9-3479D2A4553C}
	EndProjectSection
EndProject
Project("{2150E333-8FDC-42A3-9474-1A3956D46DE8}") = "Content", "Content", "{CB183942-AB56-4B55-BAD0-B60EC51B8B3A}"
EndProject
Global
	GlobalSection(SolutionConfigurationPlatforms) = preSolution
		Android|Any CPU = Android|Any CPU
		Android|ARM = Android|ARM
		Android|Mixed Platforms = Android|Mixed Platforms
		Android|Windows Phone = Android|Windows Phone
		Android|x86 = Android|x86
		Debug|Any CPU = Debug|Any CPU
		Debug|ARM = Debug|ARM
		Debug|Mixed Platforms = Debug|Mixed Platforms
		Debug|Windows Phone = Debug|Windows Phone
		Debug|x86 = Debug|x86
		iOS|Any CPU = iOS|Any CPU
		iOS|ARM = iOS|ARM
		iOS|Mixed Platforms = iOS|Mixed Platforms
		iOS|Windows Phone = iOS|Windows Phone
		iOS|x86 = iOS|x86
		Linux|Any CPU = Linux|Any CPU
		Linux|ARM = Linux|ARM
		Linux|Mixed Platforms = Linux|Mixed Platforms
		Linux|Windows Phone = Linux|Windows Phone
		Linux|x86 = Linux|x86
		OSX|Any CPU = OSX|Any CPU
		OSX|ARM = OSX|ARM
		OSX|Mixed Platforms = OSX|Mixed Platforms
		OSX|Windows Phone = OSX|Windows Phone
		OSX|x86 = OSX|x86
		PSM|Any CPU = PSM|Any CPU
		PSM|ARM = PSM|ARM
		PSM|Mixed Platforms = PSM|Mixed Platforms
		PSM|Windows Phone = PSM|Windows Phone
		PSM|x86 = PSM|x86
		Release|Any CPU = Release|Any CPU
		Release|ARM = Release|ARM
		Release|Mixed Platforms = Release|Mixed Platforms
		Release|Windows Phone = Release|Windows Phone
		Release|x86 = Release|x86
		Windows|Any CPU = Windows|Any CPU
		Windows|ARM = Windows|ARM
		Windows|Mixed Platforms = Windows|Mixed Platforms
		Windows|Windows Phone = Windows|Windows Phone
		Windows|x86 = Windows|x86
		Windows8|Any CPU = Windows8|Any CPU
		Windows8|ARM = Windows8|ARM
		Windows8|Mixed Platforms = Windows8|Mixed Platforms
		Windows8|Windows Phone = Windows8|Windows Phone
		Windows8|x86 = Windows8|x86
	EndGlobalSection
	GlobalSection(ProjectConfigurationPlatforms) = postSolution
		{6CCF3452-B8E8-42B3-9845-2D4777C8F85E}.Android|Any CPU.ActiveCfg = Debug|Any CPU
		{6CCF3452-B8E8-42B3-9845-2D4777C8F85E}.Android|ARM.ActiveCfg = Debug|Any CPU
		{6CCF3452-B8E8-42B3-9845-2D4777C8F85E}.Android|Mixed Platforms.ActiveCfg = Debug|Any CPU
		{6CCF3452-B8E8-42B3-9845-2D4777C8F85E}.Android|Windows Phone.ActiveCfg = Debug|Any CPU
		{6CCF3452-B8E8-42B3-9845-2D4777C8F85E}.Android|x86.ActiveCfg = Debug|Any CPU
		{6CCF3452-B8E8-42B3-9845-2D4777C8F85E}.Debug|Any CPU.ActiveCfg = Debug|Any CPU
		{6CCF3452-B8E8-42B3-9845-2D4777C8F85E}.Debug|ARM.ActiveCfg = Debug|Any CPU
		{6CCF3452-B8E8-42B3-9845-2D4777C8F85E}.Debug|Mixed Platforms.ActiveCfg = Debug|Any CPU
		{6CCF3452-B8E8-42B3-9845-2D4777C8F85E}.Debug|Windows Phone.ActiveCfg = Debug|Any CPU
		{6CCF3452-B8E8-42B3-9845-2D4777C8F85E}.Debug|x86.ActiveCfg = Debug|Any CPU
		{6CCF3452-B8E8-42B3-9845-2D4777C8F85E}.iOS|Any CPU.ActiveCfg = Debug|Any CPU
		{6CCF3452-B8E8-42B3-9845-2D4777C8F85E}.iOS|ARM.ActiveCfg = Debug|Any CPU
		{6CCF3452-B8E8-42B3-9845-2D4777C8F85E}.iOS|Mixed Platforms.ActiveCfg = Debug|Any CPU
		{6CCF3452-B8E8-42B3-9845-2D4777C8F85E}.iOS|Windows Phone.ActiveCfg = Debug|Any CPU
		{6CCF3452-B8E8-42B3-9845-2D4777C8F85E}.iOS|x86.ActiveCfg = Debug|Any CPU
		{6CCF3452-B8E8-42B3-9845-2D4777C8F85E}.Linux|Any CPU.ActiveCfg = Debug|Any CPU
		{6CCF3452-B8E8-42B3-9845-2D4777C8F85E}.Linux|ARM.ActiveCfg = Debug|Any CPU
		{6CCF3452-B8E8-42B3-9845-2D4777C8F85E}.Linux|Mixed Platforms.ActiveCfg = Debug|Any CPU
		{6CCF3452-B8E8-42B3-9845-2D4777C8F85E}.Linux|Windows Phone.ActiveCfg = Debug|Any CPU
		{6CCF3452-B8E8-42B3-9845-2D4777C8F85E}.Linux|x86.ActiveCfg = Debug|Any CPU
		{6CCF3452-B8E8-42B3-9845-2D4777C8F85E}.OSX|Any CPU.ActiveCfg = Debug|Any CPU
		{6CCF3452-B8E8-42B3-9845-2D4777C8F85E}.OSX|ARM.ActiveCfg = Debug|Any CPU
		{6CCF3452-B8E8-42B3-9845-2D4777C8F85E}.OSX|Mixed Platforms.ActiveCfg = Debug|Any CPU
		{6CCF3452-B8E8-42B3-9845-2D4777C8F85E}.OSX|Windows Phone.ActiveCfg = Debug|Any CPU
		{6CCF3452-B8E8-42B3-9845-2D4777C8F85E}.OSX|x86.ActiveCfg = Debug|Any CPU
		{6CCF3452-B8E8-42B3-9845-2D4777C8F85E}.PSM|Any CPU.ActiveCfg = Debug|Any CPU
		{6CCF3452-B8E8-42B3-9845-2D4777C8F85E}.PSM|ARM.ActiveCfg = Debug|Any CPU
		{6CCF3452-B8E8-42B3-9845-2D4777C8F85E}.PSM|Mixed Platforms.ActiveCfg = Debug|Any CPU
		{6CCF3452-B8E8-42B3-9845-2D4777C8F85E}.PSM|Windows Phone.ActiveCfg = Debug|Any CPU
		{6CCF3452-B8E8-42B3-9845-2D4777C8F85E}.PSM|x86.ActiveCfg = Debug|Any CPU
		{6CCF3452-B8E8-42B3-9845-2D4777C8F85E}.Release|Any CPU.ActiveCfg = Debug|Any CPU
		{6CCF3452-B8E8-42B3-9845-2D4777C8F85E}.Release|ARM.ActiveCfg = Debug|Any CPU
		{6CCF3452-B8E8-42B3-9845-2D4777C8F85E}.Release|Mixed Platforms.ActiveCfg = Debug|Any CPU
		{6CCF3452-B8E8-42B3-9845-2D4777C8F85E}.Release|Windows Phone.ActiveCfg = Debug|Any CPU
		{6CCF3452-B8E8-42B3-9845-2D4777C8F85E}.Release|x86.ActiveCfg = Debug|Any CPU
		{6CCF3452-B8E8-42B3-9845-2D4777C8F85E}.Windows|Any CPU.ActiveCfg = Debug|Any CPU
		{6CCF3452-B8E8-42B3-9845-2D4777C8F85E}.Windows|ARM.ActiveCfg = Debug|Any CPU
		{6CCF3452-B8E8-42B3-9845-2D4777C8F85E}.Windows|Mixed Platforms.ActiveCfg = Debug|Any CPU
		{6CCF3452-B8E8-42B3-9845-2D4777C8F85E}.Windows|Windows Phone.ActiveCfg = Debug|Any CPU
		{6CCF3452-B8E8-42B3-9845-2D4777C8F85E}.Windows|x86.ActiveCfg = Debug|Any CPU
		{6CCF3452-B8E8-42B3-9845-2D4777C8F85E}.Windows8|Any CPU.ActiveCfg = Debug|Any CPU
		{6CCF3452-B8E8-42B3-9845-2D4777C8F85E}.Windows8|ARM.ActiveCfg = Debug|Any CPU
		{6CCF3452-B8E8-42B3-9845-2D4777C8F85E}.Windows8|Mixed Platforms.ActiveCfg = Debug|Any CPU
		{6CCF3452-B8E8-42B3-9845-2D4777C8F85E}.Windows8|Windows Phone.ActiveCfg = Debug|Any CPU
		{6CCF3452-B8E8-42B3-9845-2D4777C8F85E}.Windows8|x86.ActiveCfg = Debug|Any CPU
		{2F7E97DB-C6FD-4440-8ED9-3479D2A4553C}.Android|Any CPU.ActiveCfg = Release|Windows Phone
		{2F7E97DB-C6FD-4440-8ED9-3479D2A4553C}.Android|ARM.ActiveCfg = Release|Windows Phone
		{2F7E97DB-C6FD-4440-8ED9-3479D2A4553C}.Android|Mixed Platforms.ActiveCfg = Release|Windows Phone
		{2F7E97DB-C6FD-4440-8ED9-3479D2A4553C}.Android|Mixed Platforms.Build.0 = Release|Windows Phone
		{2F7E97DB-C6FD-4440-8ED9-3479D2A4553C}.Android|Windows Phone.ActiveCfg = Release|Windows Phone
		{2F7E97DB-C6FD-4440-8ED9-3479D2A4553C}.Android|Windows Phone.Build.0 = Release|Windows Phone
		{2F7E97DB-C6FD-4440-8ED9-3479D2A4553C}.Android|x86.ActiveCfg = Release|Windows Phone
		{2F7E97DB-C6FD-4440-8ED9-3479D2A4553C}.Debug|Any CPU.ActiveCfg = Debug|Windows Phone
		{2F7E97DB-C6FD-4440-8ED9-3479D2A4553C}.Debug|ARM.ActiveCfg = Debug|Windows Phone
		{2F7E97DB-C6FD-4440-8ED9-3479D2A4553C}.Debug|Mixed Platforms.ActiveCfg = Debug|Windows Phone
		{2F7E97DB-C6FD-4440-8ED9-3479D2A4553C}.Debug|Mixed Platforms.Build.0 = Debug|Windows Phone
		{2F7E97DB-C6FD-4440-8ED9-3479D2A4553C}.Debug|Windows Phone.ActiveCfg = Debug|Windows Phone
		{2F7E97DB-C6FD-4440-8ED9-3479D2A4553C}.Debug|Windows Phone.Build.0 = Debug|Windows Phone
		{2F7E97DB-C6FD-4440-8ED9-3479D2A4553C}.Debug|x86.ActiveCfg = Debug|Windows Phone
		{2F7E97DB-C6FD-4440-8ED9-3479D2A4553C}.Debug|x86.Build.0 = Debug|Windows Phone
		{2F7E97DB-C6FD-4440-8ED9-3479D2A4553C}.iOS|Any CPU.ActiveCfg = Release|Windows Phone
		{2F7E97DB-C6FD-4440-8ED9-3479D2A4553C}.iOS|ARM.ActiveCfg = Release|Windows Phone
		{2F7E97DB-C6FD-4440-8ED9-3479D2A4553C}.iOS|Mixed Platforms.ActiveCfg = Release|Windows Phone
		{2F7E97DB-C6FD-4440-8ED9-3479D2A4553C}.iOS|Mixed Platforms.Build.0 = Release|Windows Phone
		{2F7E97DB-C6FD-4440-8ED9-3479D2A4553C}.iOS|Windows Phone.ActiveCfg = Release|Windows Phone
		{2F7E97DB-C6FD-4440-8ED9-3479D2A4553C}.iOS|Windows Phone.Build.0 = Release|Windows Phone
		{2F7E97DB-C6FD-4440-8ED9-3479D2A4553C}.iOS|x86.ActiveCfg = Release|Windows Phone
		{2F7E97DB-C6FD-4440-8ED9-3479D2A4553C}.Linux|Any CPU.ActiveCfg = Release|Windows Phone
		{2F7E97DB-C6FD-4440-8ED9-3479D2A4553C}.Linux|ARM.ActiveCfg = Release|Windows Phone
		{2F7E97DB-C6FD-4440-8ED9-3479D2A4553C}.Linux|Mixed Platforms.ActiveCfg = Release|Windows Phone
		{2F7E97DB-C6FD-4440-8ED9-3479D2A4553C}.Linux|Mixed Platforms.Build.0 = Release|Windows Phone
		{2F7E97DB-C6FD-4440-8ED9-3479D2A4553C}.Linux|Windows Phone.ActiveCfg = Release|Windows Phone
		{2F7E97DB-C6FD-4440-8ED9-3479D2A4553C}.Linux|Windows Phone.Build.0 = Release|Windows Phone
		{2F7E97DB-C6FD-4440-8ED9-3479D2A4553C}.Linux|x86.ActiveCfg = Release|Windows Phone
		{2F7E97DB-C6FD-4440-8ED9-3479D2A4553C}.OSX|Any CPU.ActiveCfg = Release|Windows Phone
		{2F7E97DB-C6FD-4440-8ED9-3479D2A4553C}.OSX|ARM.ActiveCfg = Release|Windows Phone
		{2F7E97DB-C6FD-4440-8ED9-3479D2A4553C}.OSX|Mixed Platforms.ActiveCfg = Release|Windows Phone
		{2F7E97DB-C6FD-4440-8ED9-3479D2A4553C}.OSX|Mixed Platforms.Build.0 = Release|Windows Phone
		{2F7E97DB-C6FD-4440-8ED9-3479D2A4553C}.OSX|Windows Phone.ActiveCfg = Release|Windows Phone
		{2F7E97DB-C6FD-4440-8ED9-3479D2A4553C}.OSX|Windows Phone.Build.0 = Release|Windows Phone
		{2F7E97DB-C6FD-4440-8ED9-3479D2A4553C}.OSX|x86.ActiveCfg = Release|Windows Phone
		{2F7E97DB-C6FD-4440-8ED9-3479D2A4553C}.PSM|Any CPU.ActiveCfg = Release|Windows Phone
		{2F7E97DB-C6FD-4440-8ED9-3479D2A4553C}.PSM|ARM.ActiveCfg = Release|Windows Phone
		{2F7E97DB-C6FD-4440-8ED9-3479D2A4553C}.PSM|Mixed Platforms.ActiveCfg = Release|Windows Phone
		{2F7E97DB-C6FD-4440-8ED9-3479D2A4553C}.PSM|Mixed Platforms.Build.0 = Release|Windows Phone
		{2F7E97DB-C6FD-4440-8ED9-3479D2A4553C}.PSM|Windows Phone.ActiveCfg = Release|Windows Phone
		{2F7E97DB-C6FD-4440-8ED9-3479D2A4553C}.PSM|Windows Phone.Build.0 = Release|Windows Phone
		{2F7E97DB-C6FD-4440-8ED9-3479D2A4553C}.PSM|x86.ActiveCfg = Release|Windows Phone
		{2F7E97DB-C6FD-4440-8ED9-3479D2A4553C}.Release|Any CPU.ActiveCfg = Release|Windows Phone
		{2F7E97DB-C6FD-4440-8ED9-3479D2A4553C}.Release|ARM.ActiveCfg = Release|Windows Phone
		{2F7E97DB-C6FD-4440-8ED9-3479D2A4553C}.Release|Mixed Platforms.ActiveCfg = Release|Windows Phone
		{2F7E97DB-C6FD-4440-8ED9-3479D2A4553C}.Release|Mixed Platforms.Build.0 = Release|Windows Phone
		{2F7E97DB-C6FD-4440-8ED9-3479D2A4553C}.Release|Windows Phone.ActiveCfg = Release|Windows Phone
		{2F7E97DB-C6FD-4440-8ED9-3479D2A4553C}.Release|Windows Phone.Build.0 = Release|Windows Phone
		{2F7E97DB-C6FD-4440-8ED9-3479D2A4553C}.Release|x86.ActiveCfg = Release|Windows Phone
		{2F7E97DB-C6FD-4440-8ED9-3479D2A4553C}.Windows|Any CPU.ActiveCfg = Release|Windows Phone
		{2F7E97DB-C6FD-4440-8ED9-3479D2A4553C}.Windows|ARM.ActiveCfg = Release|Windows Phone
		{2F7E97DB-C6FD-4440-8ED9-3479D2A4553C}.Windows|Mixed Platforms.ActiveCfg = Release|Windows Phone
		{2F7E97DB-C6FD-4440-8ED9-3479D2A4553C}.Windows|Mixed Platforms.Build.0 = Release|Windows Phone
		{2F7E97DB-C6FD-4440-8ED9-3479D2A4553C}.Windows|Windows Phone.ActiveCfg = Release|Windows Phone
		{2F7E97DB-C6FD-4440-8ED9-3479D2A4553C}.Windows|Windows Phone.Build.0 = Release|Windows Phone
		{2F7E97DB-C6FD-4440-8ED9-3479D2A4553C}.Windows|x86.ActiveCfg = Release|Windows Phone
		{2F7E97DB-C6FD-4440-8ED9-3479D2A4553C}.Windows8|Any CPU.ActiveCfg = Release|Windows Phone
		{2F7E97DB-C6FD-4440-8ED9-3479D2A4553C}.Windows8|ARM.ActiveCfg = Release|Windows Phone
		{2F7E97DB-C6FD-4440-8ED9-3479D2A4553C}.Windows8|Mixed Platforms.ActiveCfg = Release|Windows Phone
		{2F7E97DB-C6FD-4440-8ED9-3479D2A4553C}.Windows8|Mixed Platforms.Build.0 = Release|Windows Phone
		{2F7E97DB-C6FD-4440-8ED9-3479D2A4553C}.Windows8|Windows Phone.ActiveCfg = Release|Windows Phone
		{2F7E97DB-C6FD-4440-8ED9-3479D2A4553C}.Windows8|Windows Phone.Build.0 = Release|Windows Phone
		{2F7E97DB-C6FD-4440-8ED9-3479D2A4553C}.Windows8|x86.ActiveCfg = Release|Windows Phone
		{D95C9C8A-7098-41DC-B210-20AF723936AD}.Android|Any CPU.ActiveCfg = Release|Any CPU
		{D95C9C8A-7098-41DC-B210-20AF723936AD}.Android|Any CPU.Build.0 = Release|Any CPU
		{D95C9C8A-7098-41DC-B210-20AF723936AD}.Android|ARM.ActiveCfg = Release|ARM
		{D95C9C8A-7098-41DC-B210-20AF723936AD}.Android|ARM.Build.0 = Release|ARM
		{D95C9C8A-7098-41DC-B210-20AF723936AD}.Android|Mixed Platforms.ActiveCfg = Release|x86
		{D95C9C8A-7098-41DC-B210-20AF723936AD}.Android|Mixed Platforms.Build.0 = Release|x86
		{D95C9C8A-7098-41DC-B210-20AF723936AD}.Android|Windows Phone.ActiveCfg = Release|Any CPU
		{D95C9C8A-7098-41DC-B210-20AF723936AD}.Android|x86.ActiveCfg = Release|x86
		{D95C9C8A-7098-41DC-B210-20AF723936AD}.Android|x86.Build.0 = Release|x86
		{D95C9C8A-7098-41DC-B210-20AF723936AD}.Debug|Any CPU.ActiveCfg = Debug|Any CPU
		{D95C9C8A-7098-41DC-B210-20AF723936AD}.Debug|Any CPU.Build.0 = Debug|Any CPU
		{D95C9C8A-7098-41DC-B210-20AF723936AD}.Debug|ARM.ActiveCfg = Debug|ARM
		{D95C9C8A-7098-41DC-B210-20AF723936AD}.Debug|ARM.Build.0 = Debug|ARM
		{D95C9C8A-7098-41DC-B210-20AF723936AD}.Debug|Mixed Platforms.ActiveCfg = Debug|x86
		{D95C9C8A-7098-41DC-B210-20AF723936AD}.Debug|Mixed Platforms.Build.0 = Debug|x86
		{D95C9C8A-7098-41DC-B210-20AF723936AD}.Debug|Windows Phone.ActiveCfg = Debug|Any CPU
		{D95C9C8A-7098-41DC-B210-20AF723936AD}.Debug|x86.ActiveCfg = Debug|x86
		{D95C9C8A-7098-41DC-B210-20AF723936AD}.Debug|x86.Build.0 = Debug|x86
		{D95C9C8A-7098-41DC-B210-20AF723936AD}.iOS|Any CPU.ActiveCfg = Release|Any CPU
		{D95C9C8A-7098-41DC-B210-20AF723936AD}.iOS|Any CPU.Build.0 = Release|Any CPU
		{D95C9C8A-7098-41DC-B210-20AF723936AD}.iOS|ARM.ActiveCfg = Release|ARM
		{D95C9C8A-7098-41DC-B210-20AF723936AD}.iOS|ARM.Build.0 = Release|ARM
		{D95C9C8A-7098-41DC-B210-20AF723936AD}.iOS|Mixed Platforms.ActiveCfg = Release|x86
		{D95C9C8A-7098-41DC-B210-20AF723936AD}.iOS|Mixed Platforms.Build.0 = Release|x86
		{D95C9C8A-7098-41DC-B210-20AF723936AD}.iOS|Windows Phone.ActiveCfg = Release|Any CPU
		{D95C9C8A-7098-41DC-B210-20AF723936AD}.iOS|x86.ActiveCfg = Release|x86
		{D95C9C8A-7098-41DC-B210-20AF723936AD}.iOS|x86.Build.0 = Release|x86
		{D95C9C8A-7098-41DC-B210-20AF723936AD}.Linux|Any CPU.ActiveCfg = Release|Any CPU
		{D95C9C8A-7098-41DC-B210-20AF723936AD}.Linux|Any CPU.Build.0 = Release|Any CPU
		{D95C9C8A-7098-41DC-B210-20AF723936AD}.Linux|ARM.ActiveCfg = Release|ARM
		{D95C9C8A-7098-41DC-B210-20AF723936AD}.Linux|ARM.Build.0 = Release|ARM
		{D95C9C8A-7098-41DC-B210-20AF723936AD}.Linux|Mixed Platforms.ActiveCfg = Release|x86
		{D95C9C8A-7098-41DC-B210-20AF723936AD}.Linux|Mixed Platforms.Build.0 = Release|x86
		{D95C9C8A-7098-41DC-B210-20AF723936AD}.Linux|Windows Phone.ActiveCfg = Release|Any CPU
		{D95C9C8A-7098-41DC-B210-20AF723936AD}.Linux|x86.ActiveCfg = Release|x86
		{D95C9C8A-7098-41DC-B210-20AF723936AD}.Linux|x86.Build.0 = Release|x86
		{D95C9C8A-7098-41DC-B210-20AF723936AD}.OSX|Any CPU.ActiveCfg = Release|Any CPU
		{D95C9C8A-7098-41DC-B210-20AF723936AD}.OSX|Any CPU.Build.0 = Release|Any CPU
		{D95C9C8A-7098-41DC-B210-20AF723936AD}.OSX|ARM.ActiveCfg = Release|ARM
		{D95C9C8A-7098-41DC-B210-20AF723936AD}.OSX|ARM.Build.0 = Release|ARM
		{D95C9C8A-7098-41DC-B210-20AF723936AD}.OSX|Mixed Platforms.ActiveCfg = Release|x86
		{D95C9C8A-7098-41DC-B210-20AF723936AD}.OSX|Mixed Platforms.Build.0 = Release|x86
		{D95C9C8A-7098-41DC-B210-20AF723936AD}.OSX|Windows Phone.ActiveCfg = Release|Any CPU
		{D95C9C8A-7098-41DC-B210-20AF723936AD}.OSX|x86.ActiveCfg = Release|x86
		{D95C9C8A-7098-41DC-B210-20AF723936AD}.OSX|x86.Build.0 = Release|x86
		{D95C9C8A-7098-41DC-B210-20AF723936AD}.PSM|Any CPU.ActiveCfg = Release|Any CPU
		{D95C9C8A-7098-41DC-B210-20AF723936AD}.PSM|Any CPU.Build.0 = Release|Any CPU
		{D95C9C8A-7098-41DC-B210-20AF723936AD}.PSM|ARM.ActiveCfg = Release|ARM
		{D95C9C8A-7098-41DC-B210-20AF723936AD}.PSM|ARM.Build.0 = Release|ARM
		{D95C9C8A-7098-41DC-B210-20AF723936AD}.PSM|Mixed Platforms.ActiveCfg = Release|x86
		{D95C9C8A-7098-41DC-B210-20AF723936AD}.PSM|Mixed Platforms.Build.0 = Release|x86
		{D95C9C8A-7098-41DC-B210-20AF723936AD}.PSM|Windows Phone.ActiveCfg = Release|Any CPU
		{D95C9C8A-7098-41DC-B210-20AF723936AD}.PSM|x86.ActiveCfg = Release|x86
		{D95C9C8A-7098-41DC-B210-20AF723936AD}.PSM|x86.Build.0 = Release|x86
		{D95C9C8A-7098-41DC-B210-20AF723936AD}.Release|Any CPU.ActiveCfg = Release|Any CPU
		{D95C9C8A-7098-41DC-B210-20AF723936AD}.Release|Any CPU.Build.0 = Release|Any CPU
		{D95C9C8A-7098-41DC-B210-20AF723936AD}.Release|ARM.ActiveCfg = Release|ARM
		{D95C9C8A-7098-41DC-B210-20AF723936AD}.Release|ARM.Build.0 = Release|ARM
		{D95C9C8A-7098-41DC-B210-20AF723936AD}.Release|Mixed Platforms.ActiveCfg = Release|x86
		{D95C9C8A-7098-41DC-B210-20AF723936AD}.Release|Mixed Platforms.Build.0 = Release|x86
		{D95C9C8A-7098-41DC-B210-20AF723936AD}.Release|Windows Phone.ActiveCfg = Release|Any CPU
		{D95C9C8A-7098-41DC-B210-20AF723936AD}.Release|x86.ActiveCfg = Release|x86
		{D95C9C8A-7098-41DC-B210-20AF723936AD}.Release|x86.Build.0 = Release|x86
		{D95C9C8A-7098-41DC-B210-20AF723936AD}.Windows|Any CPU.ActiveCfg = Release|Any CPU
		{D95C9C8A-7098-41DC-B210-20AF723936AD}.Windows|Any CPU.Build.0 = Release|Any CPU
		{D95C9C8A-7098-41DC-B210-20AF723936AD}.Windows|ARM.ActiveCfg = Release|ARM
		{D95C9C8A-7098-41DC-B210-20AF723936AD}.Windows|ARM.Build.0 = Release|ARM
		{D95C9C8A-7098-41DC-B210-20AF723936AD}.Windows|Mixed Platforms.ActiveCfg = Release|x86
		{D95C9C8A-7098-41DC-B210-20AF723936AD}.Windows|Mixed Platforms.Build.0 = Release|x86
		{D95C9C8A-7098-41DC-B210-20AF723936AD}.Windows|Windows Phone.ActiveCfg = Release|Any CPU
		{D95C9C8A-7098-41DC-B210-20AF723936AD}.Windows|x86.ActiveCfg = Release|x86
		{D95C9C8A-7098-41DC-B210-20AF723936AD}.Windows|x86.Build.0 = Release|x86
		{D95C9C8A-7098-41DC-B210-20AF723936AD}.Windows8|Any CPU.ActiveCfg = Release|Any CPU
		{D95C9C8A-7098-41DC-B210-20AF723936AD}.Windows8|Any CPU.Build.0 = Release|Any CPU
		{D95C9C8A-7098-41DC-B210-20AF723936AD}.Windows8|ARM.ActiveCfg = Release|ARM
		{D95C9C8A-7098-41DC-B210-20AF723936AD}.Windows8|ARM.Build.0 = Release|ARM
		{D95C9C8A-7098-41DC-B210-20AF723936AD}.Windows8|Mixed Platforms.ActiveCfg = Release|x86
		{D95C9C8A-7098-41DC-B210-20AF723936AD}.Windows8|Mixed Platforms.Build.0 = Release|x86
		{D95C9C8A-7098-41DC-B210-20AF723936AD}.Windows8|Windows Phone.ActiveCfg = Release|Any CPU
		{D95C9C8A-7098-41DC-B210-20AF723936AD}.Windows8|x86.ActiveCfg = Release|x86
		{D95C9C8A-7098-41DC-B210-20AF723936AD}.Windows8|x86.Build.0 = Release|x86
		{3D77BD7E-4D85-4483-8BC0-797012AF7EBA}.Android|Any CPU.ActiveCfg = Release|x86
		{3D77BD7E-4D85-4483-8BC0-797012AF7EBA}.Android|ARM.ActiveCfg = Release|ARM
		{3D77BD7E-4D85-4483-8BC0-797012AF7EBA}.Android|ARM.Build.0 = Release|ARM
		{3D77BD7E-4D85-4483-8BC0-797012AF7EBA}.Android|ARM.Deploy.0 = Release|ARM
		{3D77BD7E-4D85-4483-8BC0-797012AF7EBA}.Android|Mixed Platforms.ActiveCfg = Release|x86
		{3D77BD7E-4D85-4483-8BC0-797012AF7EBA}.Android|Mixed Platforms.Build.0 = Release|x86
		{3D77BD7E-4D85-4483-8BC0-797012AF7EBA}.Android|Mixed Platforms.Deploy.0 = Release|x86
		{3D77BD7E-4D85-4483-8BC0-797012AF7EBA}.Android|Windows Phone.ActiveCfg = Release|x86
		{3D77BD7E-4D85-4483-8BC0-797012AF7EBA}.Android|x86.ActiveCfg = Release|x86
		{3D77BD7E-4D85-4483-8BC0-797012AF7EBA}.Android|x86.Build.0 = Release|x86
		{3D77BD7E-4D85-4483-8BC0-797012AF7EBA}.Android|x86.Deploy.0 = Release|x86
		{3D77BD7E-4D85-4483-8BC0-797012AF7EBA}.Debug|Any CPU.ActiveCfg = Debug|x86
		{3D77BD7E-4D85-4483-8BC0-797012AF7EBA}.Debug|ARM.ActiveCfg = Debug|ARM
		{3D77BD7E-4D85-4483-8BC0-797012AF7EBA}.Debug|ARM.Build.0 = Debug|ARM
		{3D77BD7E-4D85-4483-8BC0-797012AF7EBA}.Debug|ARM.Deploy.0 = Debug|ARM
		{3D77BD7E-4D85-4483-8BC0-797012AF7EBA}.Debug|Mixed Platforms.ActiveCfg = Debug|x86
		{3D77BD7E-4D85-4483-8BC0-797012AF7EBA}.Debug|Mixed Platforms.Build.0 = Debug|x86
		{3D77BD7E-4D85-4483-8BC0-797012AF7EBA}.Debug|Mixed Platforms.Deploy.0 = Debug|x86
		{3D77BD7E-4D85-4483-8BC0-797012AF7EBA}.Debug|Windows Phone.ActiveCfg = Debug|x86
		{3D77BD7E-4D85-4483-8BC0-797012AF7EBA}.Debug|x86.ActiveCfg = Debug|x86
		{3D77BD7E-4D85-4483-8BC0-797012AF7EBA}.Debug|x86.Build.0 = Debug|x86
		{3D77BD7E-4D85-4483-8BC0-797012AF7EBA}.Debug|x86.Deploy.0 = Debug|x86
		{3D77BD7E-4D85-4483-8BC0-797012AF7EBA}.iOS|Any CPU.ActiveCfg = Release|x86
		{3D77BD7E-4D85-4483-8BC0-797012AF7EBA}.iOS|ARM.ActiveCfg = Release|ARM
		{3D77BD7E-4D85-4483-8BC0-797012AF7EBA}.iOS|ARM.Build.0 = Release|ARM
		{3D77BD7E-4D85-4483-8BC0-797012AF7EBA}.iOS|ARM.Deploy.0 = Release|ARM
		{3D77BD7E-4D85-4483-8BC0-797012AF7EBA}.iOS|Mixed Platforms.ActiveCfg = Release|x86
		{3D77BD7E-4D85-4483-8BC0-797012AF7EBA}.iOS|Mixed Platforms.Build.0 = Release|x86
		{3D77BD7E-4D85-4483-8BC0-797012AF7EBA}.iOS|Mixed Platforms.Deploy.0 = Release|x86
		{3D77BD7E-4D85-4483-8BC0-797012AF7EBA}.iOS|Windows Phone.ActiveCfg = Release|x86
		{3D77BD7E-4D85-4483-8BC0-797012AF7EBA}.iOS|x86.ActiveCfg = Release|x86
		{3D77BD7E-4D85-4483-8BC0-797012AF7EBA}.iOS|x86.Build.0 = Release|x86
		{3D77BD7E-4D85-4483-8BC0-797012AF7EBA}.iOS|x86.Deploy.0 = Release|x86
		{3D77BD7E-4D85-4483-8BC0-797012AF7EBA}.Linux|Any CPU.ActiveCfg = Release|x86
		{3D77BD7E-4D85-4483-8BC0-797012AF7EBA}.Linux|ARM.ActiveCfg = Release|ARM
		{3D77BD7E-4D85-4483-8BC0-797012AF7EBA}.Linux|ARM.Build.0 = Release|ARM
		{3D77BD7E-4D85-4483-8BC0-797012AF7EBA}.Linux|ARM.Deploy.0 = Release|ARM
		{3D77BD7E-4D85-4483-8BC0-797012AF7EBA}.Linux|Mixed Platforms.ActiveCfg = Release|x86
		{3D77BD7E-4D85-4483-8BC0-797012AF7EBA}.Linux|Mixed Platforms.Build.0 = Release|x86
		{3D77BD7E-4D85-4483-8BC0-797012AF7EBA}.Linux|Mixed Platforms.Deploy.0 = Release|x86
		{3D77BD7E-4D85-4483-8BC0-797012AF7EBA}.Linux|Windows Phone.ActiveCfg = Release|x86
		{3D77BD7E-4D85-4483-8BC0-797012AF7EBA}.Linux|x86.ActiveCfg = Release|x86
		{3D77BD7E-4D85-4483-8BC0-797012AF7EBA}.Linux|x86.Build.0 = Release|x86
		{3D77BD7E-4D85-4483-8BC0-797012AF7EBA}.Linux|x86.Deploy.0 = Release|x86
		{3D77BD7E-4D85-4483-8BC0-797012AF7EBA}.OSX|Any CPU.ActiveCfg = Release|x86
		{3D77BD7E-4D85-4483-8BC0-797012AF7EBA}.OSX|ARM.ActiveCfg = Release|ARM
		{3D77BD7E-4D85-4483-8BC0-797012AF7EBA}.OSX|ARM.Build.0 = Release|ARM
		{3D77BD7E-4D85-4483-8BC0-797012AF7EBA}.OSX|ARM.Deploy.0 = Release|ARM
		{3D77BD7E-4D85-4483-8BC0-797012AF7EBA}.OSX|Mixed Platforms.ActiveCfg = Release|x86
		{3D77BD7E-4D85-4483-8BC0-797012AF7EBA}.OSX|Mixed Platforms.Build.0 = Release|x86
		{3D77BD7E-4D85-4483-8BC0-797012AF7EBA}.OSX|Mixed Platforms.Deploy.0 = Release|x86
		{3D77BD7E-4D85-4483-8BC0-797012AF7EBA}.OSX|Windows Phone.ActiveCfg = Release|x86
		{3D77BD7E-4D85-4483-8BC0-797012AF7EBA}.OSX|x86.ActiveCfg = Release|x86
		{3D77BD7E-4D85-4483-8BC0-797012AF7EBA}.OSX|x86.Build.0 = Release|x86
		{3D77BD7E-4D85-4483-8BC0-797012AF7EBA}.OSX|x86.Deploy.0 = Release|x86
		{3D77BD7E-4D85-4483-8BC0-797012AF7EBA}.PSM|Any CPU.ActiveCfg = Release|x86
		{3D77BD7E-4D85-4483-8BC0-797012AF7EBA}.PSM|ARM.ActiveCfg = Release|ARM
		{3D77BD7E-4D85-4483-8BC0-797012AF7EBA}.PSM|ARM.Build.0 = Release|ARM
		{3D77BD7E-4D85-4483-8BC0-797012AF7EBA}.PSM|ARM.Deploy.0 = Release|ARM
		{3D77BD7E-4D85-4483-8BC0-797012AF7EBA}.PSM|Mixed Platforms.ActiveCfg = Release|x86
		{3D77BD7E-4D85-4483-8BC0-797012AF7EBA}.PSM|Mixed Platforms.Build.0 = Release|x86
		{3D77BD7E-4D85-4483-8BC0-797012AF7EBA}.PSM|Mixed Platforms.Deploy.0 = Release|x86
		{3D77BD7E-4D85-4483-8BC0-797012AF7EBA}.PSM|Windows Phone.ActiveCfg = Release|x86
		{3D77BD7E-4D85-4483-8BC0-797012AF7EBA}.PSM|x86.ActiveCfg = Release|x86
		{3D77BD7E-4D85-4483-8BC0-797012AF7EBA}.PSM|x86.Build.0 = Release|x86
		{3D77BD7E-4D85-4483-8BC0-797012AF7EBA}.PSM|x86.Deploy.0 = Release|x86
		{3D77BD7E-4D85-4483-8BC0-797012AF7EBA}.Release|Any CPU.ActiveCfg = Release|x86
		{3D77BD7E-4D85-4483-8BC0-797012AF7EBA}.Release|ARM.ActiveCfg = Release|ARM
		{3D77BD7E-4D85-4483-8BC0-797012AF7EBA}.Release|ARM.Build.0 = Release|ARM
		{3D77BD7E-4D85-4483-8BC0-797012AF7EBA}.Release|ARM.Deploy.0 = Release|ARM
		{3D77BD7E-4D85-4483-8BC0-797012AF7EBA}.Release|Mixed Platforms.ActiveCfg = Release|x86
		{3D77BD7E-4D85-4483-8BC0-797012AF7EBA}.Release|Mixed Platforms.Build.0 = Release|x86
		{3D77BD7E-4D85-4483-8BC0-797012AF7EBA}.Release|Mixed Platforms.Deploy.0 = Release|x86
		{3D77BD7E-4D85-4483-8BC0-797012AF7EBA}.Release|Windows Phone.ActiveCfg = Release|x86
		{3D77BD7E-4D85-4483-8BC0-797012AF7EBA}.Release|x86.ActiveCfg = Release|x86
		{3D77BD7E-4D85-4483-8BC0-797012AF7EBA}.Release|x86.Build.0 = Release|x86
		{3D77BD7E-4D85-4483-8BC0-797012AF7EBA}.Release|x86.Deploy.0 = Release|x86
		{3D77BD7E-4D85-4483-8BC0-797012AF7EBA}.Windows|Any CPU.ActiveCfg = Release|x86
		{3D77BD7E-4D85-4483-8BC0-797012AF7EBA}.Windows|ARM.ActiveCfg = Release|ARM
		{3D77BD7E-4D85-4483-8BC0-797012AF7EBA}.Windows|ARM.Build.0 = Release|ARM
		{3D77BD7E-4D85-4483-8BC0-797012AF7EBA}.Windows|ARM.Deploy.0 = Release|ARM
		{3D77BD7E-4D85-4483-8BC0-797012AF7EBA}.Windows|Mixed Platforms.ActiveCfg = Release|x86
		{3D77BD7E-4D85-4483-8BC0-797012AF7EBA}.Windows|Mixed Platforms.Build.0 = Release|x86
		{3D77BD7E-4D85-4483-8BC0-797012AF7EBA}.Windows|Mixed Platforms.Deploy.0 = Release|x86
		{3D77BD7E-4D85-4483-8BC0-797012AF7EBA}.Windows|Windows Phone.ActiveCfg = Release|x86
		{3D77BD7E-4D85-4483-8BC0-797012AF7EBA}.Windows|x86.ActiveCfg = Release|x86
		{3D77BD7E-4D85-4483-8BC0-797012AF7EBA}.Windows|x86.Build.0 = Release|x86
		{3D77BD7E-4D85-4483-8BC0-797012AF7EBA}.Windows|x86.Deploy.0 = Release|x86
		{3D77BD7E-4D85-4483-8BC0-797012AF7EBA}.Windows8|Any CPU.ActiveCfg = Release|x86
		{3D77BD7E-4D85-4483-8BC0-797012AF7EBA}.Windows8|ARM.ActiveCfg = Release|ARM
		{3D77BD7E-4D85-4483-8BC0-797012AF7EBA}.Windows8|ARM.Build.0 = Release|ARM
		{3D77BD7E-4D85-4483-8BC0-797012AF7EBA}.Windows8|ARM.Deploy.0 = Release|ARM
		{3D77BD7E-4D85-4483-8BC0-797012AF7EBA}.Windows8|Mixed Platforms.ActiveCfg = Release|x86
		{3D77BD7E-4D85-4483-8BC0-797012AF7EBA}.Windows8|Mixed Platforms.Build.0 = Release|x86
		{3D77BD7E-4D85-4483-8BC0-797012AF7EBA}.Windows8|Mixed Platforms.Deploy.0 = Release|x86
		{3D77BD7E-4D85-4483-8BC0-797012AF7EBA}.Windows8|Windows Phone.ActiveCfg = Release|x86
		{3D77BD7E-4D85-4483-8BC0-797012AF7EBA}.Windows8|x86.ActiveCfg = Release|x86
		{3D77BD7E-4D85-4483-8BC0-797012AF7EBA}.Windows8|x86.Build.0 = Release|x86
		{3D77BD7E-4D85-4483-8BC0-797012AF7EBA}.Windows8|x86.Deploy.0 = Release|x86
	EndGlobalSection
	GlobalSection(SolutionProperties) = preSolution
		HideSolutionNode = FALSE
	EndGlobalSection
	GlobalSection(NestedProjects) = preSolution
		{6CCF3452-B8E8-42B3-9845-2D4777C8F85E} = {CB183942-AB56-4B55-BAD0-B60EC51B8B3A}
		{2F7E97DB-C6FD-4440-8ED9-3479D2A4553C} = {CB183942-AB56-4B55-BAD0-B60EC51B8B3A}
	EndGlobalSection
EndGlobal
